
Microsoft Visual Studio Solution File, Format Version 12.00
# Visual Studio Version 16
VisualStudioVersion = 16.0.31321.278
MinimumVisualStudioVersion = 10.0.40219.1
Project("{FAE04EC0-301F-11D3-BF4B-00C04F79EFBC}") = "UI_SuperElf", "UI_SuperElf\UI_SuperElf.csproj", "{ECE8F204-A3F8-48D6-9CA1-5B180000619F}"
EndProject
Project("{FAE04EC0-301F-11D3-BF4B-00C04F79EFBC}") = "DAL_SuperElf", "DAL_SuperElf\DAL_SuperElf.csproj", "{988AB2A7-2BFD-4C31-8067-36CF033DF8E4}"
EndProject
Project("{FAE04EC0-301F-11D3-BF4B-00C04F79EFBC}") = "Logic_SuperElf", "Logic_SuperElf\Logic_SuperElf.csproj", "{8B57F13E-0EFE-4027-B992-06DD58E086C8}"
EndProject
Global
	GlobalSection(SolutionConfigurationPlatforms) = preSolution
		Debug|Any CPU = Debug|Any CPU
		Release|Any CPU = Release|Any CPU
	EndGlobalSection
	GlobalSection(ProjectConfigurationPlatforms) = postSolution
		{ECE8F204-A3F8-48D6-9CA1-5B180000619F}.Debug|Any CPU.ActiveCfg = Debug|Any CPU
		{ECE8F204-A3F8-48D6-9CA1-5B180000619F}.Debug|Any CPU.Build.0 = Debug|Any CPU
		{ECE8F204-A3F8-48D6-9CA1-5B180000619F}.Release|Any CPU.ActiveCfg = Release|Any CPU
		{ECE8F204-A3F8-48D6-9CA1-5B180000619F}.Release|Any CPU.Build.0 = Release|Any CPU
		{988AB2A7-2BFD-4C31-8067-36CF033DF8E4}.Debug|Any CPU.ActiveCfg = Debug|Any CPU
		{988AB2A7-2BFD-4C31-8067-36CF033DF8E4}.Debug|Any CPU.Build.0 = Debug|Any CPU
		{988AB2A7-2BFD-4C31-8067-36CF033DF8E4}.Release|Any CPU.ActiveCfg = Release|Any CPU
		{988AB2A7-2BFD-4C31-8067-36CF033DF8E4}.Release|Any CPU.Build.0 = Release|Any CPU
		{8B57F13E-0EFE-4027-B992-06DD58E086C8}.Debug|Any CPU.ActiveCfg = Debug|Any CPU
		{8B57F13E-0EFE-4027-B992-06DD58E086C8}.Debug|Any CPU.Build.0 = Debug|Any CPU
		{8B57F13E-0EFE-4027-B992-06DD58E086C8}.Release|Any CPU.ActiveCfg = Release|Any CPU
		{8B57F13E-0EFE-4027-B992-06DD58E086C8}.Release|Any CPU.Build.0 = Release|Any CPU
	EndGlobalSection
	GlobalSection(SolutionProperties) = preSolution
		HideSolutionNode = FALSE
	EndGlobalSection
	GlobalSection(ExtensibilityGlobals) = postSolution
		SolutionGuid = {6AFD72AC-0025-4A85-BB5D-89E4D6AEE869}
	EndGlobalSection
EndGlobal
